<?xml version="1.0" encoding="utf-8"?>
<Project ToolsVersion="4.0" xmlns="http://schemas.microsoft.com/developer/msbuild/2003">
  <ItemGroup>
    <ClCompile Include="src\object\baseObject2d\BaseObject2d.cpp">
      <Filter>src\object\baseObject2d</Filter>
    </ClCompile>
    <ClCompile Include="src\object\player\Player.cpp">
      <Filter>src\object\player</Filter>
    </ClCompile>
    <ClCompile Include="src\object\router\Router.cpp">
      <Filter>src\object\router</Filter>
    </ClCompile>
    <ClCompile Include="src\object\repeater\Repeater.cpp">
      <Filter>src\object\repeater</Filter>
    </ClCompile>
    <ClCompile Include="src\object\alumiWall\AlumiWall.cpp">
      <Filter>src\object\alumiWall</Filter>
    </ClCompile>
    <ClCompile Include="src\object\pc\PC.cpp">
      <Filter>src\object\pc</Filter>
    </ClCompile>
    <ClCompile Include="src\logic\mapCollision\MapCollision.cpp">
      <Filter>src\logic\mapCollision</Filter>
    </ClCompile>
    <ClCompile Include="src\logic\signal\SignalSystem.cpp">
      <Filter>src\logic\signal</Filter>
    </ClCompile>
    <ClCompile Include="src\scene\game\GameScene.cpp">
      <Filter>src\scene\game</Filter>
    </ClCompile>
    <ClCompile Include="src\framework\ThirtySecBeforeDeadline.cpp">
      <Filter>src\framework</Filter>
    </ClCompile>
    <ClCompile Include="src\main.cpp" />
    <ClCompile Include="src\presentation\animation\RadialBeat.cpp">
      <Filter>src\presentation\animation</Filter>
    </ClCompile>
    <ClCompile Include="src\scene\factory\SceneFactory.cpp">
      <Filter>src\scene\factory</Filter>
    </ClCompile>
    <ClCompile Include="src\scene\title\animation\OpeningAnimation.cpp">
      <Filter>src\scene\title\animation</Filter>
    </ClCompile>
    <ClCompile Include="src\scene\title\TitleScene.cpp">
      <Filter>src\scene\title</Filter>
    </ClCompile>
    <ClCompile Include="src\screen\factory\IntermediateScreenFactory.cpp">
      <Filter>src\screen\factory</Filter>
    </ClCompile>
    <ClCompile Include="src\screen\loading\LoadingScreen.cpp">
      <Filter>src\screen\loading</Filter>
    </ClCompile>
    <ClCompile Include="src\wrapper\InputAwareSprite.cpp">
      <Filter>src\wrapper</Filter>
    </ClCompile>
  </ItemGroup>
  <ItemGroup>
    <Filter Include="src">
      <UniqueIdentifier>{397ad4b1-54de-48ff-8c64-1ab29040a613}</UniqueIdentifier>
    </Filter>
    <Filter Include="src\config">
      <UniqueIdentifier>{29ab8672-767e-4756-b93d-2c5a05095d25}</UniqueIdentifier>
    </Filter>
    <Filter Include="src\framework">
      <UniqueIdentifier>{6c8e0241-57b0-4368-9898-8e1d96cf8d5d}</UniqueIdentifier>
    </Filter>
    <Filter Include="src\logic">
      <UniqueIdentifier>{0d8d52d1-8eea-49e9-b7fa-bc132432d1dd}</UniqueIdentifier>
    </Filter>
    <Filter Include="src\object">
      <UniqueIdentifier>{49373fd5-e4d4-4334-b5ab-753b3bd7b6d0}</UniqueIdentifier>
    </Filter>
    <Filter Include="src\presentation">
      <UniqueIdentifier>{1cad9e48-0e3c-4051-90d1-0cc73d42a5af}</UniqueIdentifier>
    </Filter>
    <Filter Include="src\scene">
      <UniqueIdentifier>{97236c83-21d3-47b9-be08-8d2191766d43}</UniqueIdentifier>
    </Filter>
    <Filter Include="src\screen">
      <UniqueIdentifier>{8876c19e-fd40-4c31-b9a3-6830767f4196}</UniqueIdentifier>
    </Filter>
    <Filter Include="src\wrapper">
      <UniqueIdentifier>{e31bceb2-91a4-422e-b4f8-49874f399883}</UniqueIdentifier>
    </Filter>
    <Filter Include="src\logic\ConvertNumTex">
      <UniqueIdentifier>{111d1ddc-f743-411e-8fe2-1dc88af41d6a}</UniqueIdentifier>
    </Filter>
    <Filter Include="src\logic\input">
      <UniqueIdentifier>{70818c74-cc1f-44b3-ad8d-8ccffdd24319}</UniqueIdentifier>
    </Filter>
    <Filter Include="src\logic\mapCollision">
      <UniqueIdentifier>{ff9df0b2-a7ab-450e-af86-1cef1618ec60}</UniqueIdentifier>
    </Filter>
    <Filter Include="src\logic\signal">
      <UniqueIdentifier>{a2c82241-29cf-4714-86d2-3965d40e3874}</UniqueIdentifier>
    </Filter>
    <Filter Include="src\object\alumiWall">
      <UniqueIdentifier>{7b00760d-ef8c-49e7-9612-dbbf9183871f}</UniqueIdentifier>
    </Filter>
    <Filter Include="src\object\baseObject2d">
      <UniqueIdentifier>{b69dd9c9-7d50-45bb-b380-4542cd7da7e0}</UniqueIdentifier>
    </Filter>
    <Filter Include="src\object\pc">
      <UniqueIdentifier>{71091907-c1d5-4ac3-a5a4-1f05eb741212}</UniqueIdentifier>
    </Filter>
    <Filter Include="src\object\player">
      <UniqueIdentifier>{5d61b781-57ac-4624-92bc-dccc1965656f}</UniqueIdentifier>
    </Filter>
    <Filter Include="src\object\repeater">
      <UniqueIdentifier>{8f38376e-a610-47f0-84f4-b58f3a5ade22}</UniqueIdentifier>
    </Filter>
    <Filter Include="src\object\router">
      <UniqueIdentifier>{e3db8960-6202-4bbd-b2d2-313ce6916fbb}</UniqueIdentifier>
    </Filter>
    <Filter Include="src\presentation\animation">
      <UniqueIdentifier>{dd53084d-6473-42c0-9593-a6c70340de08}</UniqueIdentifier>
    </Filter>
    <Filter Include="src\scene\factory">
      <UniqueIdentifier>{a8a82c41-fac2-41df-89e9-27e327588d94}</UniqueIdentifier>
    </Filter>
    <Filter Include="src\scene\game">
      <UniqueIdentifier>{afe64f23-7a08-4485-8159-a123057ccc63}</UniqueIdentifier>
    </Filter>
    <Filter Include="src\scene\title">
      <UniqueIdentifier>{b05ac6a7-91b6-4b92-9a9c-668b21ab971f}</UniqueIdentifier>
    </Filter>
    <Filter Include="src\screen\factory">
      <UniqueIdentifier>{89001a05-b79f-49ba-ac96-e1722a92e92f}</UniqueIdentifier>
    </Filter>
    <Filter Include="src\screen\loading">
      <UniqueIdentifier>{a0dd9f28-c555-46c9-a68c-190907ebec5c}</UniqueIdentifier>
    </Filter>
    <Filter Include="src\scene\title\animation">
      <UniqueIdentifier>{b1c9f920-5fd7-496c-bc52-9e5beddfd29e}</UniqueIdentifier>
    </Filter>
  </ItemGroup>
  <ItemGroup>
    <ClInclude Include="src\object\baseObject2d\BaseObject2d.h">
      <Filter>src\object\baseObject2d</Filter>
    </ClInclude>
    <ClInclude Include="src\object\player\Player.h">
      <Filter>src\object\player</Filter>
    </ClInclude>
    <ClInclude Include="src\object\router\Router.h">
      <Filter>src\object\router</Filter>
    </ClInclude>
    <ClInclude Include="src\object\repeater\Repeater.h">
      <Filter>src\object\repeater</Filter>
    </ClInclude>
    <ClInclude Include="src\object\alumiWall\AlumiWall.h">
      <Filter>src\object\alumiWall</Filter>
    </ClInclude>
    <ClInclude Include="src\object\pc\PC.h">
      <Filter>src\object\pc</Filter>
    </ClInclude>
    <ClInclude Include="src\logic\mapCollision\MapCollision.h">
      <Filter>src\logic\mapCollision</Filter>
    </ClInclude>
    <ClInclude Include="src\logic\signal\SignalSystem.h">
      <Filter>src\logic\signal</Filter>
    </ClInclude>
    <ClInclude Include="src\logic\ConvertNumTex\ConvertNumTex.h">
      <Filter>src\logic\ConvertNumTex</Filter>
    </ClInclude>
    <ClInclude Include="src\object\ObjectRule.h">
      <Filter>src\object</Filter>
    </ClInclude>
    <ClInclude Include="src\scene\game\GameScene.h">
      <Filter>src\scene\game</Filter>
    </ClInclude>
    <ClInclude Include="src\config\ResourcePath.h">
      <Filter>src\config</Filter>
    </ClInclude>
    <ClInclude Include="src\framework\ThirtySecBeforeDeadline.h">
      <Filter>src\framework</Filter>
    </ClInclude>
    <ClInclude Include="src\logic\input\InputAction.h">
      <Filter>src\logic\input</Filter>
    </ClInclude>
    <ClInclude Include="src\presentation\animation\RadialBeat.h">
      <Filter>src\presentation\animation</Filter>
    </ClInclude>
    <ClInclude Include="src\scene\factory\SceneFactory.h">
      <Filter>src\scene\factory</Filter>
    </ClInclude>
    <ClInclude Include="src\scene\title\animation\OpeningAnimation.h">
      <Filter>src\scene\title\animation</Filter>
    </ClInclude>
    <ClInclude Include="src\scene\title\TitleScene.h">
      <Filter>src\scene\title</Filter>
    </ClInclude>
    <ClInclude Include="src\screen\factory\IntermediateScreenFactory.h">
      <Filter>src\screen\factory</Filter>
    </ClInclude>
    <ClInclude Include="src\screen\loading\LoadingScreen.h">
      <Filter>src\screen\loading</Filter>
    </ClInclude>
    <ClInclude Include="src\wrapper\InputAwareSprite.h">
      <Filter>src\wrapper</Filter>
    </ClInclude>
  </ItemGroup>
</Project>